
Microsoft Visual Studio Solution File, Format Version 12.00
# Visual Studio 15
VisualStudioVersion = 15.0.26430.16
MinimumVisualStudioVersion = 10.0.40219.1
Project("{FAE04EC0-301F-11D3-BF4B-00C04F79EFBC}") = "XeKhach", "XeKhach\XeKhach.csproj", "{543773EB-E5AA-477B-8BF9-22B5E17223DF}"
EndProject
Global
	GlobalSection(SolutionConfigurationPlatforms) = preSolution
		Debug|Any CPU = Debug|Any CPU
		Release|Any CPU = Release|Any CPU
	EndGlobalSection
	GlobalSection(ProjectConfigurationPlatforms) = postSolution
		{543773EB-E5AA-477B-8BF9-22B5E17223DF}.Debug|Any CPU.ActiveCfg = Debug|Any CPU
		{543773EB-E5AA-477B-8BF9-22B5E17223DF}.Debug|Any CPU.Build.0 = Debug|Any CPU
		{543773EB-E5AA-477B-8BF9-22B5E17223DF}.Release|Any CPU.ActiveCfg = Release|Any CPU
		{543773EB-E5AA-477B-8BF9-22B5E17223DF}.Release|Any CPU.Build.0 = Release|Any CPU
	EndGlobalSection
	GlobalSection(SolutionProperties) = preSolution
		HideSolutionNode = FALSE
	EndGlobalSection
EndGlobal
